
Microsoft Visual Studio Solution File, Format Version 12.00
# Visual Studio Version 16
VisualStudioVersion = 16.0.31112.23
MinimumVisualStudioVersion = 10.0.40219.1
Project("{8BC9CEB8-8B4A-11D0-8D11-00A0C91BC942}") = "Server", "Server\Server.vcxproj", "{A50FDC99-ED04-4341-8588-08F15EB31609}"
EndProject
Project("{8BC9CEB8-8B4A-11D0-8D11-00A0C91BC942}") = "Client", "Client\Client.vcxproj", "{E243B78D-6B18-4620-B7C2-80662C21B448}"
EndProject
Global
	GlobalSection(SolutionConfigurationPlatforms) = preSolution
		Debug|x64 = Debug|x64
		Debug|x86 = Debug|x86
		Release|x64 = Release|x64
		Release|x86 = Release|x86
	EndGlobalSection
	GlobalSection(ProjectConfigurationPlatforms) = postSolution
		{A50FDC99-ED04-4341-8588-08F15EB31609}.Debug|x64.ActiveCfg = Debug|x64
		{A50FDC99-ED04-4341-8588-08F15EB31609}.Debug|x64.Build.0 = Debug|x64
		{A50FDC99-ED04-4341-8588-08F15EB31609}.Debug|x86.ActiveCfg = Debug|Win32
		{A50FDC99-ED04-4341-8588-08F15EB31609}.Debug|x86.Build.0 = Debug|Win32
		{A50FDC99-ED04-4341-8588-08F15EB31609}.Release|x64.ActiveCfg = Release|x64
		{A50FDC99-ED04-4341-8588-08F15EB31609}.Release|x64.Build.0 = Release|x64
		{A50FDC99-ED04-4341-8588-08F15EB31609}.Release|x86.ActiveCfg = Release|Win32
		{A50FDC99-ED04-4341-8588-08F15EB31609}.Release|x86.Build.0 = Release|Win32
		{E243B78D-6B18-4620-B7C2-80662C21B448}.Debug|x64.ActiveCfg = Debug|x64
		{E243B78D-6B18-4620-B7C2-80662C21B448}.Debug|x64.Build.0 = Debug|x64
		{E243B78D-6B18-4620-B7C2-80662C21B448}.Debug|x86.ActiveCfg = Debug|Win32
		{E243B78D-6B18-4620-B7C2-80662C21B448}.Debug|x86.Build.0 = Debug|Win32
		{E243B78D-6B18-4620-B7C2-80662C21B448}.Release|x64.ActiveCfg = Release|x64
		{E243B78D-6B18-4620-B7C2-80662C21B448}.Release|x64.Build.0 = Release|x64
		{E243B78D-6B18-4620-B7C2-80662C21B448}.Release|x86.ActiveCfg = Release|Win32
		{E243B78D-6B18-4620-B7C2-80662C21B448}.Release|x86.Build.0 = Release|Win32
	EndGlobalSection
	GlobalSection(SolutionProperties) = preSolution
		HideSolutionNode = FALSE
	EndGlobalSection
	GlobalSection(ExtensibilityGlobals) = postSolution
		SolutionGuid = {D7B6CA5A-6121-4FA4-B6CC-3D91774A80AB}
	EndGlobalSection
EndGlobal
